// !$*UTF8*$!
{
	archiveVersion = 1;
	classes = {
	};
	objectVersion = 46;
	objects = {

/* Begin PBXBuildFile section */
		02D4667A1F597D4C00E3C302 /* AppDelegate.swift in Sources */ = {isa = PBXBuildFile; fileRef = 02D466791F597D4C00E3C302 /* AppDelegate.swift */; };
		02D466821F597D4C00E3C302 /* buscadorreceitasIOS.xcdatamodeld in Sources */ = {isa = PBXBuildFile; fileRef = 02D466801F597D4C00E3C302 /* buscadorreceitasIOS.xcdatamodeld */; };
		02D466841F597D4C00E3C302 /* Assets.xcassets in Resources */ = {isa = PBXBuildFile; fileRef = 02D466831F597D4C00E3C302 /* Assets.xcassets */; };
		02D466871F597D4C00E3C302 /* LaunchScreen.storyboard in Resources */ = {isa = PBXBuildFile; fileRef = 02D466851F597D4C00E3C302 /* LaunchScreen.storyboard */; };
		02D466921F597D4C00E3C302 /* buscadorreceitasIOSTests.swift in Sources */ = {isa = PBXBuildFile; fileRef = 02D466911F597D4C00E3C302 /* buscadorreceitasIOSTests.swift */; };
		02D4669D1F597D4C00E3C302 /* buscadorreceitasIOSUITests.swift in Sources */ = {isa = PBXBuildFile; fileRef = 02D4669C1F597D4C00E3C302 /* buscadorreceitasIOSUITests.swift */; };
		02D466B61F59824000E3C302 /* Favorito.swift in Sources */ = {isa = PBXBuildFile; fileRef = 02D466B51F59824000E3C302 /* Favorito.swift */; };
		02D466B71F59824000E3C302 /* Favorito.swift in Sources */ = {isa = PBXBuildFile; fileRef = 02D466B51F59824000E3C302 /* Favorito.swift */; };
		02D466B81F59824000E3C302 /* Favorito.swift in Sources */ = {isa = PBXBuildFile; fileRef = 02D466B51F59824000E3C302 /* Favorito.swift */; };
		02D466BA1F59824E00E3C302 /* Geladeira.swift in Sources */ = {isa = PBXBuildFile; fileRef = 02D466B91F59824E00E3C302 /* Geladeira.swift */; };
		02D466BB1F59824E00E3C302 /* Geladeira.swift in Sources */ = {isa = PBXBuildFile; fileRef = 02D466B91F59824E00E3C302 /* Geladeira.swift */; };
		02D466BC1F59824E00E3C302 /* Geladeira.swift in Sources */ = {isa = PBXBuildFile; fileRef = 02D466B91F59824E00E3C302 /* Geladeira.swift */; };
		02D466BE1F59825900E3C302 /* Grupo.swift in Sources */ = {isa = PBXBuildFile; fileRef = 02D466BD1F59825900E3C302 /* Grupo.swift */; };
		02D466BF1F59825900E3C302 /* Grupo.swift in Sources */ = {isa = PBXBuildFile; fileRef = 02D466BD1F59825900E3C302 /* Grupo.swift */; };
		02D466C01F59825900E3C302 /* Grupo.swift in Sources */ = {isa = PBXBuildFile; fileRef = 02D466BD1F59825900E3C302 /* Grupo.swift */; };
		02D466C21F59826600E3C302 /* Mensagem.swift in Sources */ = {isa = PBXBuildFile; fileRef = 02D466C11F59826600E3C302 /* Mensagem.swift */; };
		02D466C31F59826600E3C302 /* Mensagem.swift in Sources */ = {isa = PBXBuildFile; fileRef = 02D466C11F59826600E3C302 /* Mensagem.swift */; };
		02D466C41F59826600E3C302 /* Mensagem.swift in Sources */ = {isa = PBXBuildFile; fileRef = 02D466C11F59826600E3C302 /* Mensagem.swift */; };
		02D466C61F5986A300E3C302 /* Produto.swift in Sources */ = {isa = PBXBuildFile; fileRef = 02D466C51F5986A300E3C302 /* Produto.swift */; };
		02D466C71F5986A300E3C302 /* Produto.swift in Sources */ = {isa = PBXBuildFile; fileRef = 02D466C51F5986A300E3C302 /* Produto.swift */; };
		02D466C81F5986A300E3C302 /* Produto.swift in Sources */ = {isa = PBXBuildFile; fileRef = 02D466C51F5986A300E3C302 /* Produto.swift */; };
		02D466CA1F5986AB00E3C302 /* Receita.swift in Sources */ = {isa = PBXBuildFile; fileRef = 02D466C91F5986AB00E3C302 /* Receita.swift */; };
		02D466CB1F5986AB00E3C302 /* Receita.swift in Sources */ = {isa = PBXBuildFile; fileRef = 02D466C91F5986AB00E3C302 /* Receita.swift */; };
		02D466CC1F5986AB00E3C302 /* Receita.swift in Sources */ = {isa = PBXBuildFile; fileRef = 02D466C91F5986AB00E3C302 /* Receita.swift */; };
		02D466CE1F5986BC00E3C302 /* TipoCardapio.swift in Sources */ = {isa = PBXBuildFile; fileRef = 02D466CD1F5986BC00E3C302 /* TipoCardapio.swift */; };
		02D466CF1F5986BC00E3C302 /* TipoCardapio.swift in Sources */ = {isa = PBXBuildFile; fileRef = 02D466CD1F5986BC00E3C302 /* TipoCardapio.swift */; };
		02D466D01F5986BC00E3C302 /* TipoCardapio.swift in Sources */ = {isa = PBXBuildFile; fileRef = 02D466CD1F5986BC00E3C302 /* TipoCardapio.swift */; };
		02D466D21F5986C500E3C302 /* Usuario.swift in Sources */ = {isa = PBXBuildFile; fileRef = 02D466D11F5986C500E3C302 /* Usuario.swift */; };
		02D466D31F5986C500E3C302 /* Usuario.swift in Sources */ = {isa = PBXBuildFile; fileRef = 02D466D11F5986C500E3C302 /* Usuario.swift */; };
		02D466D41F5986C500E3C302 /* Usuario.swift in Sources */ = {isa = PBXBuildFile; fileRef = 02D466D11F5986C500E3C302 /* Usuario.swift */; };
		02D466D61F5986E600E3C302 /* RetornoServico.swift in Sources */ = {isa = PBXBuildFile; fileRef = 02D466D51F5986E600E3C302 /* RetornoServico.swift */; };
		02D466D71F5986E600E3C302 /* RetornoServico.swift in Sources */ = {isa = PBXBuildFile; fileRef = 02D466D51F5986E600E3C302 /* RetornoServico.swift */; };
		02D466D81F5986E600E3C302 /* RetornoServico.swift in Sources */ = {isa = PBXBuildFile; fileRef = 02D466D51F5986E600E3C302 /* RetornoServico.swift */; };
		02D466DA1F598DDE00E3C302 /* Cardapio.swift in Sources */ = {isa = PBXBuildFile; fileRef = 02D466D91F598DDE00E3C302 /* Cardapio.swift */; };
		02D466DB1F598DDE00E3C302 /* Cardapio.swift in Sources */ = {isa = PBXBuildFile; fileRef = 02D466D91F598DDE00E3C302 /* Cardapio.swift */; };
		02D466DC1F598DDE00E3C302 /* Cardapio.swift in Sources */ = {isa = PBXBuildFile; fileRef = 02D466D91F598DDE00E3C302 /* Cardapio.swift */; };
		02D466DE1F5D6A9300E3C302 /* inicio.storyboard in Resources */ = {isa = PBXBuildFile; fileRef = 02D466DD1F5D6A9300E3C302 /* inicio.storyboard */; };
		02D466DF1F5D6A9300E3C302 /* inicio.storyboard in Resources */ = {isa = PBXBuildFile; fileRef = 02D466DD1F5D6A9300E3C302 /* inicio.storyboard */; };
		02D466E01F5D6A9300E3C302 /* inicio.storyboard in Resources */ = {isa = PBXBuildFile; fileRef = 02D466DD1F5D6A9300E3C302 /* inicio.storyboard */; };
		02D466E21F5D6AD400E3C302 /* InicioTableViewController.swift in Sources */ = {isa = PBXBuildFile; fileRef = 02D466E11F5D6AD400E3C302 /* InicioTableViewController.swift */; };
		02D466E31F5D6AD400E3C302 /* InicioTableViewController.swift in Sources */ = {isa = PBXBuildFile; fileRef = 02D466E11F5D6AD400E3C302 /* InicioTableViewController.swift */; };
		02D466E41F5D6AD400E3C302 /* InicioTableViewController.swift in Sources */ = {isa = PBXBuildFile; fileRef = 02D466E11F5D6AD400E3C302 /* InicioTableViewController.swift */; };
		02D466E91F5D6EED00E3C302 /* abasTableViewCell.swift in Sources */ = {isa = PBXBuildFile; fileRef = 02D466E71F5D6EED00E3C302 /* abasTableViewCell.swift */; };
		02D466EA1F5D6EED00E3C302 /* abasTableViewCell.swift in Sources */ = {isa = PBXBuildFile; fileRef = 02D466E71F5D6EED00E3C302 /* abasTableViewCell.swift */; };
		02D466EB1F5D6EED00E3C302 /* abasTableViewCell.swift in Sources */ = {isa = PBXBuildFile; fileRef = 02D466E71F5D6EED00E3C302 /* abasTableViewCell.swift */; };
		02D466EC1F5D6EED00E3C302 /* abasTableViewCell.xib in Resources */ = {isa = PBXBuildFile; fileRef = 02D466E81F5D6EED00E3C302 /* abasTableViewCell.xib */; };
		02D466ED1F5D6EED00E3C302 /* abasTableViewCell.xib in Resources */ = {isa = PBXBuildFile; fileRef = 02D466E81F5D6EED00E3C302 /* abasTableViewCell.xib */; };
		02D466EE1F5D6EED00E3C302 /* abasTableViewCell.xib in Resources */ = {isa = PBXBuildFile; fileRef = 02D466E81F5D6EED00E3C302 /* abasTableViewCell.xib */; };
/* End PBXBuildFile section */

/* Begin PBXContainerItemProxy section */
		02D4668E1F597D4C00E3C302 /* PBXContainerItemProxy */ = {
			isa = PBXContainerItemProxy;
			containerPortal = 02D4666E1F597D4C00E3C302 /* Project object */;
			proxyType = 1;
			remoteGlobalIDString = 02D466751F597D4C00E3C302;
			remoteInfo = buscadorreceitasIOS;
		};
		02D466991F597D4C00E3C302 /* PBXContainerItemProxy */ = {
			isa = PBXContainerItemProxy;
			containerPortal = 02D4666E1F597D4C00E3C302 /* Project object */;
			proxyType = 1;
			remoteGlobalIDString = 02D466751F597D4C00E3C302;
			remoteInfo = buscadorreceitasIOS;
		};
/* End PBXContainerItemProxy section */

/* Begin PBXFileReference section */
		02D466761F597D4C00E3C302 /* buscadorreceitasIOS.app */ = {isa = PBXFileReference; explicitFileType = wrapper.application; includeInIndex = 0; path = buscadorreceitasIOS.app; sourceTree = BUILT_PRODUCTS_DIR; };
		02D466791F597D4C00E3C302 /* AppDelegate.swift */ = {isa = PBXFileReference; lastKnownFileType = sourcecode.swift; path = AppDelegate.swift; sourceTree = "<group>"; };
		02D466811F597D4C00E3C302 /* buscadorreceitasIOS.xcdatamodel */ = {isa = PBXFileReference; lastKnownFileType = wrapper.xcdatamodel; path = buscadorreceitasIOS.xcdatamodel; sourceTree = "<group>"; };
		02D466831F597D4C00E3C302 /* Assets.xcassets */ = {isa = PBXFileReference; lastKnownFileType = folder.assetcatalog; path = Assets.xcassets; sourceTree = "<group>"; };
		02D466861F597D4C00E3C302 /* Base */ = {isa = PBXFileReference; lastKnownFileType = file.storyboard; name = Base; path = Base.lproj/LaunchScreen.storyboard; sourceTree = "<group>"; };
		02D466881F597D4C00E3C302 /* Info.plist */ = {isa = PBXFileReference; lastKnownFileType = text.plist.xml; path = Info.plist; sourceTree = "<group>"; };
		02D4668D1F597D4C00E3C302 /* buscadorreceitasIOSTests.xctest */ = {isa = PBXFileReference; explicitFileType = wrapper.cfbundle; includeInIndex = 0; path = buscadorreceitasIOSTests.xctest; sourceTree = BUILT_PRODUCTS_DIR; };
		02D466911F597D4C00E3C302 /* buscadorreceitasIOSTests.swift */ = {isa = PBXFileReference; lastKnownFileType = sourcecode.swift; path = buscadorreceitasIOSTests.swift; sourceTree = "<group>"; };
		02D466931F597D4C00E3C302 /* Info.plist */ = {isa = PBXFileReference; lastKnownFileType = text.plist.xml; path = Info.plist; sourceTree = "<group>"; };
		02D466981F597D4C00E3C302 /* buscadorreceitasIOSUITests.xctest */ = {isa = PBXFileReference; explicitFileType = wrapper.cfbundle; includeInIndex = 0; path = buscadorreceitasIOSUITests.xctest; sourceTree = BUILT_PRODUCTS_DIR; };
		02D4669C1F597D4C00E3C302 /* buscadorreceitasIOSUITests.swift */ = {isa = PBXFileReference; lastKnownFileType = sourcecode.swift; path = buscadorreceitasIOSUITests.swift; sourceTree = "<group>"; };
		02D4669E1F597D4C00E3C302 /* Info.plist */ = {isa = PBXFileReference; lastKnownFileType = text.plist.xml; path = Info.plist; sourceTree = "<group>"; };
		02D466B51F59824000E3C302 /* Favorito.swift */ = {isa = PBXFileReference; fileEncoding = 4; lastKnownFileType = sourcecode.swift; path = Favorito.swift; sourceTree = "<group>"; };
		02D466B91F59824E00E3C302 /* Geladeira.swift */ = {isa = PBXFileReference; fileEncoding = 4; lastKnownFileType = sourcecode.swift; path = Geladeira.swift; sourceTree = "<group>"; };
		02D466BD1F59825900E3C302 /* Grupo.swift */ = {isa = PBXFileReference; fileEncoding = 4; lastKnownFileType = sourcecode.swift; path = Grupo.swift; sourceTree = "<group>"; };
		02D466C11F59826600E3C302 /* Mensagem.swift */ = {isa = PBXFileReference; fileEncoding = 4; lastKnownFileType = sourcecode.swift; path = Mensagem.swift; sourceTree = "<group>"; };
		02D466C51F5986A300E3C302 /* Produto.swift */ = {isa = PBXFileReference; fileEncoding = 4; lastKnownFileType = sourcecode.swift; path = Produto.swift; sourceTree = "<group>"; };
		02D466C91F5986AB00E3C302 /* Receita.swift */ = {isa = PBXFileReference; fileEncoding = 4; lastKnownFileType = sourcecode.swift; path = Receita.swift; sourceTree = "<group>"; };
		02D466CD1F5986BC00E3C302 /* TipoCardapio.swift */ = {isa = PBXFileReference; fileEncoding = 4; lastKnownFileType = sourcecode.swift; path = TipoCardapio.swift; sourceTree = "<group>"; };
		02D466D11F5986C500E3C302 /* Usuario.swift */ = {isa = PBXFileReference; fileEncoding = 4; lastKnownFileType = sourcecode.swift; path = Usuario.swift; sourceTree = "<group>"; };
		02D466D51F5986E600E3C302 /* RetornoServico.swift */ = {isa = PBXFileReference; fileEncoding = 4; lastKnownFileType = sourcecode.swift; path = RetornoServico.swift; sourceTree = "<group>"; };
		02D466D91F598DDE00E3C302 /* Cardapio.swift */ = {isa = PBXFileReference; fileEncoding = 4; lastKnownFileType = sourcecode.swift; path = Cardapio.swift; sourceTree = "<group>"; };
		02D466DD1F5D6A9300E3C302 /* inicio.storyboard */ = {isa = PBXFileReference; fileEncoding = 4; lastKnownFileType = file.storyboard; path = inicio.storyboard; sourceTree = "<group>"; };
		02D466E11F5D6AD400E3C302 /* InicioTableViewController.swift */ = {isa = PBXFileReference; fileEncoding = 4; lastKnownFileType = sourcecode.swift; path = InicioTableViewController.swift; sourceTree = "<group>"; };
		02D466E71F5D6EED00E3C302 /* abasTableViewCell.swift */ = {isa = PBXFileReference; fileEncoding = 4; lastKnownFileType = sourcecode.swift; path = abasTableViewCell.swift; sourceTree = "<group>"; };
		02D466E81F5D6EED00E3C302 /* abasTableViewCell.xib */ = {isa = PBXFileReference; fileEncoding = 4; lastKnownFileType = file.xib; path = abasTableViewCell.xib; sourceTree = "<group>"; };
/* End PBXFileReference section */

/* Begin PBXFrameworksBuildPhase section */
		02D466731F597D4C00E3C302 /* Frameworks */ = {
			isa = PBXFrameworksBuildPhase;
			buildActionMask = 2147483647;
			files = (
			);
			runOnlyForDeploymentPostprocessing = 0;
		};
		02D4668A1F597D4C00E3C302 /* Frameworks */ = {
			isa = PBXFrameworksBuildPhase;
			buildActionMask = 2147483647;
			files = (
			);
			runOnlyForDeploymentPostprocessing = 0;
		};
		02D466951F597D4C00E3C302 /* Frameworks */ = {
			isa = PBXFrameworksBuildPhase;
			buildActionMask = 2147483647;
			files = (
			);
			runOnlyForDeploymentPostprocessing = 0;
		};
/* End PBXFrameworksBuildPhase section */

/* Begin PBXGroup section */
		02D4666D1F597D4C00E3C302 = {
			isa = PBXGroup;
			children = (
				02D466781F597D4C00E3C302 /* buscadorreceitasIOS */,
				02D466901F597D4C00E3C302 /* buscadorreceitasIOSTests */,
				02D4669B1F597D4C00E3C302 /* buscadorreceitasIOSUITests */,
				02D466771F597D4C00E3C302 /* Products */,
			);
			sourceTree = "<group>";
		};
		02D466771F597D4C00E3C302 /* Products */ = {
			isa = PBXGroup;
			children = (
				02D466761F597D4C00E3C302 /* buscadorreceitasIOS.app */,
				02D4668D1F597D4C00E3C302 /* buscadorreceitasIOSTests.xctest */,
				02D466981F597D4C00E3C302 /* buscadorreceitasIOSUITests.xctest */,
			);
			name = Products;
			sourceTree = "<group>";
		};
		02D466781F597D4C00E3C302 /* buscadorreceitasIOS */ = {
			isa = PBXGroup;
			children = (
				02D466F31F5DC45700E3C302 /* resource */,
				02D466B01F597F1100E3C302 /* business */,
				02D466AF1F597F0700E3C302 /* service */,
				02D466AE1F597EFE00E3C302 /* controller */,
				02D466AD1F597EF000E3C302 /* view */,
				02D466AC1F597EE500E3C302 /* model */,
				02D466791F597D4C00E3C302 /* AppDelegate.swift */,
				02D466831F597D4C00E3C302 /* Assets.xcassets */,
				02D466851F597D4C00E3C302 /* LaunchScreen.storyboard */,
				02D466881F597D4C00E3C302 /* Info.plist */,
				02D466801F597D4C00E3C302 /* buscadorreceitasIOS.xcdatamodeld */,
			);
			path = buscadorreceitasIOS;
			sourceTree = "<group>";
		};
		02D466901F597D4C00E3C302 /* buscadorreceitasIOSTests */ = {
			isa = PBXGroup;
			children = (
				02D466911F597D4C00E3C302 /* buscadorreceitasIOSTests.swift */,
				02D466931F597D4C00E3C302 /* Info.plist */,
			);
			path = buscadorreceitasIOSTests;
			sourceTree = "<group>";
		};
		02D4669B1F597D4C00E3C302 /* buscadorreceitasIOSUITests */ = {
			isa = PBXGroup;
			children = (
				02D4669C1F597D4C00E3C302 /* buscadorreceitasIOSUITests.swift */,
				02D4669E1F597D4C00E3C302 /* Info.plist */,
			);
			path = buscadorreceitasIOSUITests;
			sourceTree = "<group>";
		};
		02D466AC1F597EE500E3C302 /* model */ = {
			isa = PBXGroup;
			children = (
				02D466B51F59824000E3C302 /* Favorito.swift */,
				02D466B91F59824E00E3C302 /* Geladeira.swift */,
				02D466BD1F59825900E3C302 /* Grupo.swift */,
				02D466C11F59826600E3C302 /* Mensagem.swift */,
				02D466C51F5986A300E3C302 /* Produto.swift */,
				02D466C91F5986AB00E3C302 /* Receita.swift */,
				02D466CD1F5986BC00E3C302 /* TipoCardapio.swift */,
				02D466D11F5986C500E3C302 /* Usuario.swift */,
				02D466D51F5986E600E3C302 /* RetornoServico.swift */,
				02D466D91F598DDE00E3C302 /* Cardapio.swift */,
			);
			path = model;
			sourceTree = "<group>";
		};
		02D466AD1F597EF000E3C302 /* view */ = {
			isa = PBXGroup;
			children = (
				02D466E51F5D6B4100E3C302 /* xib's */,
				02D466DD1F5D6A9300E3C302 /* inicio.storyboard */,
			);
			path = view;
			sourceTree = "<group>";
		};
		02D466AE1F597EFE00E3C302 /* controller */ = {
			isa = PBXGroup;
			children = (
				02D466E11F5D6AD400E3C302 /* InicioTableViewController.swift */,
			);
			path = controller;
			sourceTree = "<group>";
		};
		02D466AF1F597F0700E3C302 /* service */ = {
			isa = PBXGroup;
			children = (
			);
			path = service;
			sourceTree = "<group>";
		};
		02D466B01F597F1100E3C302 /* business */ = {
			isa = PBXGroup;
			children = (
			);
			path = business;
			sourceTree = "<group>";
		};
		02D466E51F5D6B4100E3C302 /* xib's */ = {
			isa = PBXGroup;
			children = (
				02D466E61F5D6CBB00E3C302 /* abas */,
			);
			path = "xib's";
			sourceTree = "<group>";
		};
		02D466E61F5D6CBB00E3C302 /* abas */ = {
			isa = PBXGroup;
			children = (
				02D466E71F5D6EED00E3C302 /* abasTableViewCell.swift */,
				02D466E81F5D6EED00E3C302 /* abasTableViewCell.xib */,
			);
			path = abas;
			sourceTree = "<group>";
		};
		02D466F31F5DC45700E3C302 /* resource */ = {
			isa = PBXGroup;
			children = (
			);
			path = resource;
			sourceTree = "<group>";
		};
/* End PBXGroup section */

/* Begin PBXNativeTarget section */
		02D466751F597D4C00E3C302 /* buscadorreceitasIOS */ = {
			isa = PBXNativeTarget;
			buildConfigurationList = 02D466A11F597D4C00E3C302 /* Build configuration list for PBXNativeTarget "buscadorreceitasIOS" */;
			buildPhases = (
				02D466721F597D4C00E3C302 /* Sources */,
				02D466731F597D4C00E3C302 /* Frameworks */,
				02D466741F597D4C00E3C302 /* Resources */,
			);
			buildRules = (
			);
			dependencies = (
			);
			name = buscadorreceitasIOS;
			productName = buscadorreceitasIOS;
			productReference = 02D466761F597D4C00E3C302 /* buscadorreceitasIOS.app */;
			productType = "com.apple.product-type.application";
		};
		02D4668C1F597D4C00E3C302 /* buscadorreceitasIOSTests */ = {
			isa = PBXNativeTarget;
			buildConfigurationList = 02D466A41F597D4C00E3C302 /* Build configuration list for PBXNativeTarget "buscadorreceitasIOSTests" */;
			buildPhases = (
				02D466891F597D4C00E3C302 /* Sources */,
				02D4668A1F597D4C00E3C302 /* Frameworks */,
				02D4668B1F597D4C00E3C302 /* Resources */,
			);
			buildRules = (
			);
			dependencies = (
				02D4668F1F597D4C00E3C302 /* PBXTargetDependency */,
			);
			name = buscadorreceitasIOSTests;
			productName = buscadorreceitasIOSTests;
			productReference = 02D4668D1F597D4C00E3C302 /* buscadorreceitasIOSTests.xctest */;
			productType = "com.apple.product-type.bundle.unit-test";
		};
		02D466971F597D4C00E3C302 /* buscadorreceitasIOSUITests */ = {
			isa = PBXNativeTarget;
			buildConfigurationList = 02D466A71F597D4C00E3C302 /* Build configuration list for PBXNativeTarget "buscadorreceitasIOSUITests" */;
			buildPhases = (
				02D466941F597D4C00E3C302 /* Sources */,
				02D466951F597D4C00E3C302 /* Frameworks */,
				02D466961F597D4C00E3C302 /* Resources */,
			);
			buildRules = (
			);
			dependencies = (
				02D4669A1F597D4C00E3C302 /* PBXTargetDependency */,
			);
			name = buscadorreceitasIOSUITests;
			productName = buscadorreceitasIOSUITests;
			productReference = 02D466981F597D4C00E3C302 /* buscadorreceitasIOSUITests.xctest */;
			productType = "com.apple.product-type.bundle.ui-testing";
		};
/* End PBXNativeTarget section */

/* Begin PBXProject section */
		02D4666E1F597D4C00E3C302 /* Project object */ = {
			isa = PBXProject;
			attributes = {
				LastSwiftUpdateCheck = 0820;
				LastUpgradeCheck = 0820;
				ORGANIZATIONNAME = gilsonsantos;
				TargetAttributes = {
					02D466751F597D4C00E3C302 = {
						CreatedOnToolsVersion = 8.2.1;
						ProvisioningStyle = Automatic;
					};
					02D4668C1F597D4C00E3C302 = {
						CreatedOnToolsVersion = 8.2.1;
						ProvisioningStyle = Automatic;
						TestTargetID = 02D466751F597D4C00E3C302;
					};
					02D466971F597D4C00E3C302 = {
						CreatedOnToolsVersion = 8.2.1;
						ProvisioningStyle = Automatic;
						TestTargetID = 02D466751F597D4C00E3C302;
					};
				};
			};
			buildConfigurationList = 02D466711F597D4C00E3C302 /* Build configuration list for PBXProject "buscadorreceitasIOS" */;
			compatibilityVersion = "Xcode 3.2";
			developmentRegion = English;
			hasScannedForEncodings = 0;
			knownRegions = (
				en,
				Base,
			);
			mainGroup = 02D4666D1F597D4C00E3C302;
			productRefGroup = 02D466771F597D4C00E3C302 /* Products */;
			projectDirPath = "";
			projectRoot = "";
			targets = (
				02D466751F597D4C00E3C302 /* buscadorreceitasIOS */,
				02D4668C1F597D4C00E3C302 /* buscadorreceitasIOSTests */,
				02D466971F597D4C00E3C302 /* buscadorreceitasIOSUITests */,
			);
		};
/* End PBXProject section */

/* Begin PBXResourcesBuildPhase section */
		02D466741F597D4C00E3C302 /* Resources */ = {
			isa = PBXResourcesBuildPhase;
			buildActionMask = 2147483647;
			files = (
				02D466EC1F5D6EED00E3C302 /* abasTableViewCell.xib in Resources */,
				02D466871F597D4C00E3C302 /* LaunchScreen.storyboard in Resources */,
				02D466841F597D4C00E3C302 /* Assets.xcassets in Resources */,
				02D466DE1F5D6A9300E3C302 /* inicio.storyboard in Resources */,
			);
			runOnlyForDeploymentPostprocessing = 0;
		};
		02D4668B1F597D4C00E3C302 /* Resources */ = {
			isa = PBXResourcesBuildPhase;
			buildActionMask = 2147483647;
			files = (
				02D466ED1F5D6EED00E3C302 /* abasTableViewCell.xib in Resources */,
				02D466DF1F5D6A9300E3C302 /* inicio.storyboard in Resources */,
			);
			runOnlyForDeploymentPostprocessing = 0;
		};
		02D466961F597D4C00E3C302 /* Resources */ = {
			isa = PBXResourcesBuildPhase;
			buildActionMask = 2147483647;
			files = (
				02D466EE1F5D6EED00E3C302 /* abasTableViewCell.xib in Resources */,
				02D466E01F5D6A9300E3C302 /* inicio.storyboard in Resources */,
			);
			runOnlyForDeploymentPostprocessing = 0;
		};
/* End PBXResourcesBuildPhase section */

/* Begin PBXSourcesBuildPhase section */
		02D466721F597D4C00E3C302 /* Sources */ = {
			isa = PBXSourcesBuildPhase;
			buildActionMask = 2147483647;
			files = (
				02D466821F597D4C00E3C302 /* buscadorreceitasIOS.xcdatamodeld in Sources */,
				02D466E21F5D6AD400E3C302 /* InicioTableViewController.swift in Sources */,
				02D466CE1F5986BC00E3C302 /* TipoCardapio.swift in Sources */,
				02D466D61F5986E600E3C302 /* RetornoServico.swift in Sources */,
				02D4667A1F597D4C00E3C302 /* AppDelegate.swift in Sources */,
				02D466DA1F598DDE00E3C302 /* Cardapio.swift in Sources */,
				02D466BE1F59825900E3C302 /* Grupo.swift in Sources */,
				02D466C21F59826600E3C302 /* Mensagem.swift in Sources */,
				02D466C61F5986A300E3C302 /* Produto.swift in Sources */,
				02D466BA1F59824E00E3C302 /* Geladeira.swift in Sources */,
				02D466E91F5D6EED00E3C302 /* abasTableViewCell.swift in Sources */,
				02D466CA1F5986AB00E3C302 /* Receita.swift in Sources */,
				02D466B61F59824000E3C302 /* Favorito.swift in Sources */,
				02D466D21F5986C500E3C302 /* Usuario.swift in Sources */,
			);
			runOnlyForDeploymentPostprocessing = 0;
		};
		02D466891F597D4C00E3C302 /* Sources */ = {
			isa = PBXSourcesBuildPhase;
			buildActionMask = 2147483647;
			files = (
				02D466C71F5986A300E3C302 /* Produto.swift in Sources */,
				02D466BB1F59824E00E3C302 /* Geladeira.swift in Sources */,
				02D466CF1F5986BC00E3C302 /* TipoCardapio.swift in Sources */,
				02D466D71F5986E600E3C302 /* RetornoServico.swift in Sources */,
				02D466EA1F5D6EED00E3C302 /* abasTableViewCell.swift in Sources */,
				02D466E31F5D6AD400E3C302 /* InicioTableViewController.swift in Sources */,
				02D466C31F59826600E3C302 /* Mensagem.swift in Sources */,
				02D466BF1F59825900E3C302 /* Grupo.swift in Sources */,
				02D466CB1F5986AB00E3C302 /* Receita.swift in Sources */,
				02D466921F597D4C00E3C302 /* buscadorreceitasIOSTests.swift in Sources */,
				02D466D31F5986C500E3C302 /* Usuario.swift in Sources */,
				02D466DB1F598DDE00E3C302 /* Cardapio.swift in Sources */,
				02D466B71F59824000E3C302 /* Favorito.swift in Sources */,
			);
			runOnlyForDeploymentPostprocessing = 0;
		};
		02D466941F597D4C00E3C302 /* Sources */ = {
			isa = PBXSourcesBuildPhase;
			buildActionMask = 2147483647;
			files = (
				02D466C81F5986A300E3C302 /* Produto.swift in Sources */,
				02D466BC1F59824E00E3C302 /* Geladeira.swift in Sources */,
				02D466D01F5986BC00E3C302 /* TipoCardapio.swift in Sources */,
				02D466D81F5986E600E3C302 /* RetornoServico.swift in Sources */,
				02D466EB1F5D6EED00E3C302 /* abasTableViewCell.swift in Sources */,
				02D466E41F5D6AD400E3C302 /* InicioTableViewController.swift in Sources */,
				02D466C41F59826600E3C302 /* Mensagem.swift in Sources */,
				02D466C01F59825900E3C302 /* Grupo.swift in Sources */,
				02D466CC1F5986AB00E3C302 /* Receita.swift in Sources */,
				02D4669D1F597D4C00E3C302 /* buscadorreceitasIOSUITests.swift in Sources */,
				02D466D41F5986C500E3C302 /* Usuario.swift in Sources */,
				02D466DC1F598DDE00E3C302 /* Cardapio.swift in Sources */,
				02D466B81F59824000E3C302 /* Favorito.swift in Sources */,
			);
			runOnlyForDeploymentPostprocessing = 0;
		};
/* End PBXSourcesBuildPhase section */

/* Begin PBXTargetDependency section */
		02D4668F1F597D4C00E3C302 /* PBXTargetDependency */ = {
			isa = PBXTargetDependency;
			target = 02D466751F597D4C00E3C302 /* buscadorreceitasIOS */;
			targetProxy = 02D4668E1F597D4C00E3C302 /* PBXContainerItemProxy */;
		};
		02D4669A1F597D4C00E3C302 /* PBXTargetDependency */ = {
			isa = PBXTargetDependency;
			target = 02D466751F597D4C00E3C302 /* buscadorreceitasIOS */;
			targetProxy = 02D466991F597D4C00E3C302 /* PBXContainerItemProxy */;
		};
/* End PBXTargetDependency section */

/* Begin PBXVariantGroup section */
		02D466851F597D4C00E3C302 /* LaunchScreen.storyboard */ = {
			isa = PBXVariantGroup;
			children = (
				02D466861F597D4C00E3C302 /* Base */,
			);
			name = LaunchScreen.storyboard;
			sourceTree = "<group>";
		};
/* End PBXVariantGroup section */

/* Begin XCBuildConfiguration section */
		02D4669F1F597D4C00E3C302 /* Debug */ = {
			isa = XCBuildConfiguration;
			buildSettings = {
				ALWAYS_SEARCH_USER_PATHS = NO;
				CLANG_ANALYZER_NONNULL = YES;
				CLANG_CXX_LANGUAGE_STANDARD = "gnu++0x";
				CLANG_CXX_LIBRARY = "libc++";
				CLANG_ENABLE_MODULES = YES;
				CLANG_ENABLE_OBJC_ARC = YES;
				CLANG_WARN_BOOL_CONVERSION = YES;
				CLANG_WARN_CONSTANT_CONVERSION = YES;
				CLANG_WARN_DIRECT_OBJC_ISA_USAGE = YES_ERROR;
				CLANG_WARN_DOCUMENTATION_COMMENTS = YES;
				CLANG_WARN_EMPTY_BODY = YES;
				CLANG_WARN_ENUM_CONVERSION = YES;
				CLANG_WARN_INFINITE_RECURSION = YES;
				CLANG_WARN_INT_CONVERSION = YES;
				CLANG_WARN_OBJC_ROOT_CLASS = YES_ERROR;
				CLANG_WARN_SUSPICIOUS_MOVE = YES;
				CLANG_WARN_UNREACHABLE_CODE = YES;
				CLANG_WARN__DUPLICATE_METHOD_MATCH = YES;
				"CODE_SIGN_IDENTITY[sdk=iphoneos*]" = "iPhone Developer";
				COPY_PHASE_STRIP = NO;
				DEBUG_INFORMATION_FORMAT = dwarf;
				ENABLE_STRICT_OBJC_MSGSEND = YES;
				ENABLE_TESTABILITY = YES;
				GCC_C_LANGUAGE_STANDARD = gnu99;
				GCC_DYNAMIC_NO_PIC = NO;
				GCC_NO_COMMON_BLOCKS = YES;
				GCC_OPTIMIZATION_LEVEL = 0;
				GCC_PREPROCESSOR_DEFINITIONS = (
					"DEBUG=1",
					"$(inherited)",
				);
				GCC_WARN_64_TO_32_BIT_CONVERSION = YES;
				GCC_WARN_ABOUT_RETURN_TYPE = YES_ERROR;
				GCC_WARN_UNDECLARED_SELECTOR = YES;
				GCC_WARN_UNINITIALIZED_AUTOS = YES_AGGRESSIVE;
				GCC_WARN_UNUSED_FUNCTION = YES;
				GCC_WARN_UNUSED_VARIABLE = YES;
				IPHONEOS_DEPLOYMENT_TARGET = 10.2;
				MTL_ENABLE_DEBUG_INFO = YES;
				ONLY_ACTIVE_ARCH = YES;
				SDKROOT = iphoneos;
				SWIFT_ACTIVE_COMPILATION_CONDITIONS = DEBUG;
				SWIFT_OPTIMIZATION_LEVEL = "-Onone";
				TARGETED_DEVICE_FAMILY = "1,2";
			};
			name = Debug;
		};
		02D466A01F597D4C00E3C302 /* Release */ = {
			isa = XCBuildConfiguration;
			buildSettings = {
				ALWAYS_SEARCH_USER_PATHS = NO;
				CLANG_ANALYZER_NONNULL = YES;
				CLANG_CXX_LANGUAGE_STANDARD = "gnu++0x";
				CLANG_CXX_LIBRARY = "libc++";
				CLANG_ENABLE_MODULES = YES;
				CLANG_ENABLE_OBJC_ARC = YES;
				CLANG_WARN_BOOL_CONVERSION = YES;
				CLANG_WARN_CONSTANT_CONVERSION = YES;
				CLANG_WARN_DIRECT_OBJC_ISA_USAGE = YES_ERROR;
				CLANG_WARN_DOCUMENTATION_COMMENTS = YES;
				CLANG_WARN_EMPTY_BODY = YES;
				CLANG_WARN_ENUM_CONVERSION = YES;
				CLANG_WARN_INFINITE_RECURSION = YES;
				CLANG_WARN_INT_CONVERSION = YES;
				CLANG_WARN_OBJC_ROOT_CLASS = YES_ERROR;
				CLANG_WARN_SUSPICIOUS_MOVE = YES;
				CLANG_WARN_UNREACHABLE_CODE = YES;
				CLANG_WARN__DUPLICATE_METHOD_MATCH = YES;
				"CODE_SIGN_IDENTITY[sdk=iphoneos*]" = "iPhone Developer";
				COPY_PHASE_STRIP = NO;
				DEBUG_INFORMATION_FORMAT = "dwarf-with-dsym";
				ENABLE_NS_ASSERTIONS = NO;
				ENABLE_STRICT_OBJC_MSGSEND = YES;
				GCC_C_LANGUAGE_STANDARD = gnu99;
				GCC_NO_COMMON_BLOCKS = YES;
				GCC_WARN_64_TO_32_BIT_CONVERSION = YES;
				GCC_WARN_ABOUT_RETURN_TYPE = YES_ERROR;
				GCC_WARN_UNDECLARED_SELECTOR = YES;
				GCC_WARN_UNINITIALIZED_AUTOS = YES_AGGRESSIVE;
				GCC_WARN_UNUSED_FUNCTION = YES;
				GCC_WARN_UNUSED_VARIABLE = YES;
				IPHONEOS_DEPLOYMENT_TARGET = 10.2;
				MTL_ENABLE_DEBUG_INFO = NO;
				SDKROOT = iphoneos;
				SWIFT_OPTIMIZATION_LEVEL = "-Owholemodule";
				TARGETED_DEVICE_FAMILY = "1,2";
				VALIDATE_PRODUCT = YES;
			};
			name = Release;
		};
		02D466A21F597D4C00E3C302 /* Debug */ = {
			isa = XCBuildConfiguration;
			buildSettings = {
				ASSETCATALOG_COMPILER_APPICON_NAME = AppIcon;
				INFOPLIST_FILE = buscadorreceitasIOS/Info.plist;
				LD_RUNPATH_SEARCH_PATHS = "$(inherited) @executable_path/Frameworks";
				PRODUCT_BUNDLE_IDENTIFIER = br.com.buscadorreceitas.buscadorreceitasIOS;
				PRODUCT_NAME = "$(TARGET_NAME)";
				SWIFT_VERSION = 3.0;
			};
			name = Debug;
		};
		02D466A31F597D4C00E3C302 /* Release */ = {
			isa = XCBuildConfiguration;
			buildSettings = {
				ASSETCATALOG_COMPILER_APPICON_NAME = AppIcon;
				INFOPLIST_FILE = buscadorreceitasIOS/Info.plist;
				LD_RUNPATH_SEARCH_PATHS = "$(inherited) @executable_path/Frameworks";
				PRODUCT_BUNDLE_IDENTIFIER = br.com.buscadorreceitas.buscadorreceitasIOS;
				PRODUCT_NAME = "$(TARGET_NAME)";
				SWIFT_VERSION = 3.0;
			};
			name = Release;
		};
		02D466A51F597D4C00E3C302 /* Debug */ = {
			isa = XCBuildConfiguration;
			buildSettings = {
				ALWAYS_EMBED_SWIFT_STANDARD_LIBRARIES = YES;
				BUNDLE_LOADER = "$(TEST_HOST)";
				INFOPLIST_FILE = buscadorreceitasIOSTests/Info.plist;
				LD_RUNPATH_SEARCH_PATHS = "$(inherited) @executable_path/Frameworks @loader_path/Frameworks";
				PRODUCT_BUNDLE_IDENTIFIER = br.com.buscadorreceitas.buscadorreceitasIOSTests;
				PRODUCT_NAME = "$(TARGET_NAME)";
				SWIFT_VERSION = 3.0;
				TEST_HOST = "$(BUILT_PRODUCTS_DIR)/buscadorreceitasIOS.app/buscadorreceitasIOS";
			};
			name = Debug;
		};
		02D466A61F597D4C00E3C302 /* Release */ = {
			isa = XCBuildConfiguration;
			buildSettings = {
				ALWAYS_EMBED_SWIFT_STANDARD_LIBRARIES = YES;
				BUNDLE_LOADER = "$(TEST_HOST)";
				INFOPLIST_FILE = buscadorreceitasIOSTests/Info.plist;
				LD_RUNPATH_SEARCH_PATHS = "$(inherited) @executable_path/Frameworks @loader_path/Frameworks";
				PRODUCT_BUNDLE_IDENTIFIER = br.com.buscadorreceitas.buscadorreceitasIOSTests;
				PRODUCT_NAME = "$(TARGET_NAME)";
				SWIFT_VERSION = 3.0;
				TEST_HOST = "$(BUILT_PRODUCTS_DIR)/buscadorreceitasIOS.app/buscadorreceitasIOS";
			};
			name = Release;
		};
		02D466A81F597D4C00E3C302 /* Debug */ = {
			isa = XCBuildConfiguration;
			buildSettings = {
				ALWAYS_EMBED_SWIFT_STANDARD_LIBRARIES = YES;
				INFOPLIST_FILE = buscadorreceitasIOSUITests/Info.plist;
				LD_RUNPATH_SEARCH_PATHS = "$(inherited) @executable_path/Frameworks @loader_path/Frameworks";
				PRODUCT_BUNDLE_IDENTIFIER = br.com.buscadorreceitas.buscadorreceitasIOSUITests;
				PRODUCT_NAME = "$(TARGET_NAME)";
				SWIFT_VERSION = 3.0;
				TEST_TARGET_NAME = buscadorreceitasIOS;
			};
			name = Debug;
		};
		02D466A91F597D4C00E3C302 /* Release */ = {
			isa = XCBuildConfiguration;
			buildSettings = {
				ALWAYS_EMBED_SWIFT_STANDARD_LIBRARIES = YES;
				INFOPLIST_FILE = buscadorreceitasIOSUITests/Info.plist;
				LD_RUNPATH_SEARCH_PATHS = "$(inherited) @executable_path/Frameworks @loader_path/Frameworks";
				PRODUCT_BUNDLE_IDENTIFIER = br.com.buscadorreceitas.buscadorreceitasIOSUITests;
				PRODUCT_NAME = "$(TARGET_NAME)";
				SWIFT_VERSION = 3.0;
				TEST_TARGET_NAME = buscadorreceitasIOS;
			};
			name = Release;
		};
/* End XCBuildConfiguration section */

/* Begin XCConfigurationList section */
		02D466711F597D4C00E3C302 /* Build configuration list for PBXProject "buscadorreceitasIOS" */ = {
			isa = XCConfigurationList;
			buildConfigurations = (
				02D4669F1F597D4C00E3C302 /* Debug */,
				02D466A01F597D4C00E3C302 /* Release */,
			);
			defaultConfigurationIsVisible = 0;
			defaultConfigurationName = Release;
		};
		02D466A11F597D4C00E3C302 /* Build configuration list for PBXNativeTarget "buscadorreceitasIOS" */ = {
			isa = XCConfigurationList;
			buildConfigurations = (
				02D466A21F597D4C00E3C302 /* Debug */,
				02D466A31F597D4C00E3C302 /* Release */,
			);
			defaultConfigurationIsVisible = 0;
			defaultConfigurationName = Release;
		};
		02D466A41F597D4C00E3C302 /* Build configuration list for PBXNativeTarget "buscadorreceitasIOSTests" */ = {
			isa = XCConfigurationList;
			buildConfigurations = (
				02D466A51F597D4C00E3C302 /* Debug */,
				02D466A61F597D4C00E3C302 /* Release */,
			);
			defaultConfigurationIsVisible = 0;
			defaultConfigurationName = Release;
		};
		02D466A71F597D4C00E3C302 /* Build configuration list for PBXNativeTarget "buscadorreceitasIOSUITests" */ = {
			isa = XCConfigurationList;
			buildConfigurations = (
				02D466A81F597D4C00E3C302 /* Debug */,
				02D466A91F597D4C00E3C302 /* Release */,
			);
			defaultConfigurationIsVisible = 0;
			defaultConfigurationName = Release;
		};
/* End XCConfigurationList section */

/* Begin XCVersionGroup section */
		02D466801F597D4C00E3C302 /* buscadorreceitasIOS.xcdatamodeld */ = {
			isa = XCVersionGroup;
			children = (
				02D466811F597D4C00E3C302 /* buscadorreceitasIOS.xcdatamodel */,
			);
			currentVersion = 02D466811F597D4C00E3C302 /* buscadorreceitasIOS.xcdatamodel */;
			path = buscadorreceitasIOS.xcdatamodeld;
			sourceTree = "<group>";
			versionGroupType = wrapper.xcdatamodel;
		};
/* End XCVersionGroup section */
	};
	rootObject = 02D4666E1F597D4C00E3C302 /* Project object */;
}
